
Microsoft Visual Studio Solution File, Format Version 12.00
# Visual Studio 2012
Project("{FAE04EC0-301F-11D3-BF4B-00C04F79EFBC}") = "MvcMarket.BackEnd", "MvcMarket.BackEnd\MvcMarket.BackEnd.csproj", "{14D84BAA-F8BE-4A8C-84C5-77F334C3459F}"
EndProject
Project("{FAE04EC0-301F-11D3-BF4B-00C04F79EFBC}") = "MvcMarket.FrontEnd", "MvcMarket.FrontEnd\MvcMarket.FrontEnd.csproj", "{2FAD07C3-6D0D-481D-85B6-216BE7579BE8}"
EndProject
Project("{2150E333-8FDC-42A3-9474-1A3956D46DE8}") = ".nuget", ".nuget", "{A4E1C32A-462F-4493-82EB-9ABBDF69D973}"
	ProjectSection(SolutionItems) = preProject
		.nuget\NuGet.Config = .nuget\NuGet.Config
		.nuget\NuGet.exe = .nuget\NuGet.exe
		.nuget\NuGet.targets = .nuget\NuGet.targets
	EndProjectSection
EndProject
Global
	GlobalSection(SolutionConfigurationPlatforms) = preSolution
		Debug|Any CPU = Debug|Any CPU
		Release|Any CPU = Release|Any CPU
	EndGlobalSection
	GlobalSection(ProjectConfigurationPlatforms) = postSolution
		{14D84BAA-F8BE-4A8C-84C5-77F334C3459F}.Debug|Any CPU.ActiveCfg = Debug|Any CPU
		{14D84BAA-F8BE-4A8C-84C5-77F334C3459F}.Debug|Any CPU.Build.0 = Debug|Any CPU
		{14D84BAA-F8BE-4A8C-84C5-77F334C3459F}.Release|Any CPU.ActiveCfg = Release|Any CPU
		{14D84BAA-F8BE-4A8C-84C5-77F334C3459F}.Release|Any CPU.Build.0 = Release|Any CPU
		{2FAD07C3-6D0D-481D-85B6-216BE7579BE8}.Debug|Any CPU.ActiveCfg = Debug|Any CPU
		{2FAD07C3-6D0D-481D-85B6-216BE7579BE8}.Debug|Any CPU.Build.0 = Debug|Any CPU
		{2FAD07C3-6D0D-481D-85B6-216BE7579BE8}.Release|Any CPU.ActiveCfg = Release|Any CPU
		{2FAD07C3-6D0D-481D-85B6-216BE7579BE8}.Release|Any CPU.Build.0 = Release|Any CPU
	EndGlobalSection
	GlobalSection(SolutionProperties) = preSolution
		HideSolutionNode = FALSE
	EndGlobalSection
EndGlobal
